{
  "version": 4,
  "terraform_version": "1.7.3",
  "serial": 35,
  "lineage": "7d8c6ce4-dd3d-a792-b654-fce72afb2bc4",
  "outputs": {
    "public_ip": {
      "value": "52.204.111.73",
      "type": "string"
    }
  },
  "resources": [
    {
      "mode": "managed",
      "type": "aws_eip",
      "name": "ip",
      "provider": "provider[\"registry.terraform.io/hashicorp/aws\"]",
      "instances": [
        {
          "schema_version": 0,
          "attributes": {
            "address": null,
            "allocation_id": "eipalloc-0c6516cd1f2316e9d",
            "associate_with_private_ip": null,
            "association_id": "eipassoc-059e563b9e4cab3a3",
            "carrier_ip": "",
            "customer_owned_ip": "",
            "customer_owned_ipv4_pool": "",
            "domain": "vpc",
            "id": "eipalloc-0c6516cd1f2316e9d",
            "instance": "i-03025a8cb1550075f",
            "network_border_group": "us-east-1",
            "network_interface": "eni-0eff165d52806f5e2",
            "private_dns": "ip-172-31-31-31.ec2.internal",
            "private_ip": "172.31.31.31",
            "public_dns": "ec2-52-204-111-73.compute-1.amazonaws.com",
            "public_ip": "52.204.111.73",
            "public_ipv4_pool": "amazon",
            "tags": {},
            "tags_all": {},
            "timeouts": null,
            "vpc": true
          },
          "sensitive_attributes": [],
          "private": "eyJlMmJmYjczMC1lY2FhLTExZTYtOGY4OC0zNDM2M2JjN2M0YzAiOnsiZGVsZXRlIjoxODAwMDAwMDAwMDAsInJlYWQiOjkwMDAwMDAwMDAwMCwidXBkYXRlIjozMDAwMDAwMDAwMDB9fQ==",
          "dependencies": [
            "aws_instance.app_server"
          ]
        }
      ]
    },
    {
      "mode": "managed",
      "type": "aws_instance",
      "name": "app_server",
      "provider": "provider[\"registry.terraform.io/hashicorp/aws\"]",
      "instances": [
        {
          "schema_version": 1,
          "attributes": {
            "ami": "ami-0bbebc09f0a12d4d9",
            "arn": "arn:aws:ec2:us-east-1:654654430603:instance/i-03025a8cb1550075f",
            "associate_public_ip_address": true,
            "availability_zone": "us-east-1c",
            "capacity_reservation_specification": [
              {
                "capacity_reservation_preference": "open",
                "capacity_reservation_target": []
              }
            ],
            "cpu_core_count": 2,
            "cpu_options": [
              {
                "amd_sev_snp": "",
                "core_count": 2,
                "threads_per_core": 1
              }
            ],
            "cpu_threads_per_core": 1,
            "credit_specification": [
              {
                "cpu_credits": "unlimited"
              }
            ],
            "disable_api_stop": false,
            "disable_api_termination": false,
            "ebs_block_device": [],
            "ebs_optimized": false,
            "enclave_options": [
              {
                "enabled": false
              }
            ],
            "ephemeral_block_device": [],
            "get_password_data": false,
            "hibernation": false,
            "host_id": "",
            "host_resource_group_arn": null,
            "iam_instance_profile": "",
            "id": "i-03025a8cb1550075f",
            "instance_initiated_shutdown_behavior": "stop",
            "instance_state": "running",
            "instance_type": "t4g.nano",
            "ipv6_address_count": 0,
            "ipv6_addresses": [],
            "key_name": "wonderwhy",
            "launch_template": [],
            "maintenance_options": [
              {
                "auto_recovery": "default"
              }
            ],
            "metadata_options": [
              {
                "http_endpoint": "enabled",
                "http_put_response_hop_limit": 2,
                "http_tokens": "required",
                "instance_metadata_tags": "disabled"
              }
            ],
            "monitoring": false,
            "network_interface": [],
            "outpost_arn": "",
            "password_data": "",
            "placement_group": "",
            "placement_partition_number": 0,
            "primary_network_interface_id": "eni-0eff165d52806f5e2",
            "private_dns": "ip-172-31-31-31.ec2.internal",
            "private_dns_name_options": [
              {
                "enable_resource_name_dns_a_record": false,
                "enable_resource_name_dns_aaaa_record": false,
                "hostname_type": "ip-name"
              }
            ],
            "private_ip": "172.31.31.31",
            "public_dns": "ec2-52-91-13-82.compute-1.amazonaws.com",
            "public_ip": "52.91.13.82",
            "root_block_device": [
              {
                "delete_on_termination": true,
                "device_name": "/dev/xvda",
                "encrypted": false,
                "iops": 3000,
                "kms_key_id": "",
                "tags": null,
                "throughput": 125,
                "volume_id": "vol-099500a00c19fbd50",
                "volume_size": 20,
                "volume_type": "gp3"
              }
            ],
            "secondary_private_ips": [],
            "security_groups": [
              "launch-wizard-1"
            ],
            "source_dest_check": true,
            "subnet_id": "subnet-07ec3d441965eec51",
            "tags": {
              "Name": "wonder why server"
            },
            "tags_all": {
              "Name": "wonder why server"
            },
            "tenancy": "default",
            "timeouts": null,
            "user_data": null,
            "user_data_base64": null,
            "user_data_replace_on_change": false,
            "volume_tags": null,
            "vpc_security_group_ids": [
              "sg-00257a8ff4fef413c"
            ]
          },
          "sensitive_attributes": [],
          "private": "eyJlMmJmYjczMC1lY2FhLTExZTYtOGY4OC0zNDM2M2JjN2M0YzAiOnsiY3JlYXRlIjo2MDAwMDAwMDAwMDAsImRlbGV0ZSI6MTIwMDAwMDAwMDAwMCwidXBkYXRlIjo2MDAwMDAwMDAwMDB9LCJzY2hlbWFfdmVyc2lvbiI6IjEifQ=="
        }
      ]
    },
    {
      "mode": "managed",
      "type": "gandi_livedns_record",
      "name": "auth",
      "provider": "provider[\"registry.terraform.io/go-gandi/gandi\"]",
      "instances": [
        {
          "schema_version": 0,
          "attributes": {
            "href": "https://api.gandi.net/v5/livedns/domains/wondermove.in/records/auth/A",
            "id": "wondermove.in/auth/A",
            "mutable": null,
            "name": "auth",
            "timeouts": null,
            "ttl": 300,
            "type": "A",
            "values": [
              "52.204.111.73"
            ],
            "zone": "wondermove.in"
          },
          "sensitive_attributes": [],
          "private": "eyJlMmJmYjczMC1lY2FhLTExZTYtOGY4OC0zNDM2M2JjN2M0YzAiOnsiY3JlYXRlIjo2MDAwMDAwMDAwMCwiZGVmYXVsdCI6NjAwMDAwMDAwMDAsImRlbGV0ZSI6NjAwMDAwMDAwMDAsInJlYWQiOjYwMDAwMDAwMDAwLCJ1cGRhdGUiOjYwMDAwMDAwMDAwfX0=",
          "dependencies": [
            "aws_eip.ip",
            "aws_instance.app_server"
          ]
        }
      ]
    },
    {
      "mode": "managed",
      "type": "gandi_livedns_record",
      "name": "www",
      "provider": "provider[\"registry.terraform.io/go-gandi/gandi\"]",
      "instances": [
        {
          "schema_version": 0,
          "attributes": {
            "href": "https://api.gandi.net/v5/livedns/domains/wondermove.in/records/@/A/api/v5/domains/wondermove.in/records/@/A",
            "id": "wondermove.in/@/A",
            "mutable": null,
            "name": "@",
            "timeouts": null,
            "ttl": 300,
            "type": "A",
            "values": [
              "52.204.111.73"
            ],
            "zone": "wondermove.in"
          },
          "sensitive_attributes": [],
          "private": "eyJlMmJmYjczMC1lY2FhLTExZTYtOGY4OC0zNDM2M2JjN2M0YzAiOnsiY3JlYXRlIjo2MDAwMDAwMDAwMCwiZGVmYXVsdCI6NjAwMDAwMDAwMDAsImRlbGV0ZSI6NjAwMDAwMDAwMDAsInJlYWQiOjYwMDAwMDAwMDAwLCJ1cGRhdGUiOjYwMDAwMDAwMDAwfX0=",
          "dependencies": [
            "aws_eip.ip",
            "aws_instance.app_server"
          ]
        }
      ]
    }
  ],
  "check_results": null
}
